
Microsoft Visual Studio Solution File, Format Version 12.00
# Visual Studio Version 16
VisualStudioVersion = 16.0.31624.102
MinimumVisualStudioVersion = 10.0.40219.1
Project("{FAE04EC0-301F-11D3-BF4B-00C04F79EFBC}") = "NewtonPol", "NewtonPol\NewtonPol.csproj", "{F172BD23-A700-4B40-82EB-4BF4215A3A18}"
EndProject
Global
	GlobalSection(SolutionConfigurationPlatforms) = preSolution
		Debug|Any CPU = Debug|Any CPU
		Release|Any CPU = Release|Any CPU
	EndGlobalSection
	GlobalSection(ProjectConfigurationPlatforms) = postSolution
		{F172BD23-A700-4B40-82EB-4BF4215A3A18}.Debug|Any CPU.ActiveCfg = Debug|Any CPU
		{F172BD23-A700-4B40-82EB-4BF4215A3A18}.Debug|Any CPU.Build.0 = Debug|Any CPU
		{F172BD23-A700-4B40-82EB-4BF4215A3A18}.Release|Any CPU.ActiveCfg = Release|Any CPU
		{F172BD23-A700-4B40-82EB-4BF4215A3A18}.Release|Any CPU.Build.0 = Release|Any CPU
	EndGlobalSection
	GlobalSection(SolutionProperties) = preSolution
		HideSolutionNode = FALSE
	EndGlobalSection
	GlobalSection(ExtensibilityGlobals) = postSolution
		SolutionGuid = {C16EADDA-98E4-4F7B-A8A4-A49EFD4424D8}
	EndGlobalSection
EndGlobal
